// !$*UTF8*$!
{
	archiveVersion = 1;
	classes = {
	};
	objectVersion = 50;
	objects = {

/* Begin PBXBuildFile section */
		B456605E26403D8900BF8232 /* ImageOverlay.swift in Sources */ = {isa = PBXBuildFile; fileRef = B456605D26403D8900BF8232 /* ImageOverlay.swift */; };
		B4566060264041E400BF8232 /* RatingOverlay.swift in Sources */ = {isa = PBXBuildFile; fileRef = B456605F264041E400BF8232 /* RatingOverlay.swift */; };
		B4566062264131EF00BF8232 /* LandmarkCard.swift in Sources */ = {isa = PBXBuildFile; fileRef = B4566061264131EF00BF8232 /* LandmarkCard.swift */; };
		B45660642641734200BF8232 /* RatingSelectView.swift in Sources */ = {isa = PBXBuildFile; fileRef = B45660632641734200BF8232 /* RatingSelectView.swift */; };
		B45660672641839400BF8232 /* Double.swift in Sources */ = {isa = PBXBuildFile; fileRef = B45660662641839400BF8232 /* Double.swift */; };
		B456606926419F5800BF8232 /* RatingView.swift in Sources */ = {isa = PBXBuildFile; fileRef = B456606826419F5800BF8232 /* RatingView.swift */; };
		B45BDBDF263EE36800FD7F51 /* AppDelegate.swift in Sources */ = {isa = PBXBuildFile; fileRef = B45BDBDE263EE36800FD7F51 /* AppDelegate.swift */; };
		B45BDBE1263EE36800FD7F51 /* SceneDelegate.swift in Sources */ = {isa = PBXBuildFile; fileRef = B45BDBE0263EE36800FD7F51 /* SceneDelegate.swift */; };
		B45BDBE3263EE36800FD7F51 /* ContentView.swift in Sources */ = {isa = PBXBuildFile; fileRef = B45BDBE2263EE36800FD7F51 /* ContentView.swift */; };
		B45BDBE5263EE36D00FD7F51 /* Assets.xcassets in Resources */ = {isa = PBXBuildFile; fileRef = B45BDBE4263EE36D00FD7F51 /* Assets.xcassets */; };
		B45BDBE8263EE36D00FD7F51 /* Preview Assets.xcassets in Resources */ = {isa = PBXBuildFile; fileRef = B45BDBE7263EE36D00FD7F51 /* Preview Assets.xcassets */; };
		B45BDBEB263EE36D00FD7F51 /* LaunchScreen.storyboard in Resources */ = {isa = PBXBuildFile; fileRef = B45BDBE9263EE36D00FD7F51 /* LaunchScreen.storyboard */; };
		B45BDBF6263EE36D00FD7F51 /* CityGuideTests.swift in Sources */ = {isa = PBXBuildFile; fileRef = B45BDBF5263EE36D00FD7F51 /* CityGuideTests.swift */; };
		B45BDC01263EE36D00FD7F51 /* CityGuideUITests.swift in Sources */ = {isa = PBXBuildFile; fileRef = B45BDC00263EE36D00FD7F51 /* CityGuideUITests.swift */; };
		B45BDC50263F2BF900FD7F51 /* SearchBar.swift in Sources */ = {isa = PBXBuildFile; fileRef = B45BDC4F263F2BF900FD7F51 /* SearchBar.swift */; };
		B45BDC53263F422E00FD7F51 /* CategoryHome.swift in Sources */ = {isa = PBXBuildFile; fileRef = B45BDC52263F422E00FD7F51 /* CategoryHome.swift */; };
		B45BDC56263F42DC00FD7F51 /* LandmarkObject.swift in Sources */ = {isa = PBXBuildFile; fileRef = B45BDC55263F42DC00FD7F51 /* LandmarkObject.swift */; };
		B45BDC5A263F46AD00FD7F51 /* ModelData.swift in Sources */ = {isa = PBXBuildFile; fileRef = B45BDC59263F46AD00FD7F51 /* ModelData.swift */; };
		B45BDC5C263F470900FD7F51 /* landmarkObjects.json in Resources */ = {isa = PBXBuildFile; fileRef = B45BDC5B263F470900FD7F51 /* landmarkObjects.json */; };
		B45BDC5E263F474F00FD7F51 /* LandmarkRow.swift in Sources */ = {isa = PBXBuildFile; fileRef = B45BDC5D263F474F00FD7F51 /* LandmarkRow.swift */; };
		B45BDC60263F496000FD7F51 /* LandmarkList.swift in Sources */ = {isa = PBXBuildFile; fileRef = B45BDC5F263F496000FD7F51 /* LandmarkList.swift */; };
		B45BDC62263FD4F500FD7F51 /* LandmarkDetail.swift in Sources */ = {isa = PBXBuildFile; fileRef = B45BDC61263FD4F500FD7F51 /* LandmarkDetail.swift */; };
		B45BDC64263FD5E400FD7F51 /* CircleImage.swift in Sources */ = {isa = PBXBuildFile; fileRef = B45BDC63263FD5E400FD7F51 /* CircleImage.swift */; };
		B45BDC66263FD65900FD7F51 /* MapView.swift in Sources */ = {isa = PBXBuildFile; fileRef = B45BDC65263FD65900FD7F51 /* MapView.swift */; };
		B45BDC68263FE9BD00FD7F51 /* FavoriteButton.swift in Sources */ = {isa = PBXBuildFile; fileRef = B45BDC67263FE9BD00FD7F51 /* FavoriteButton.swift */; };
		B4A1D95C2641D932008D3507 /* MapSectionView.swift in Sources */ = {isa = PBXBuildFile; fileRef = B4A1D95B2641D932008D3507 /* MapSectionView.swift */; };
		B4A1D95E2641DA3E008D3507 /* MapUIView.swift in Sources */ = {isa = PBXBuildFile; fileRef = B4A1D95D2641DA3E008D3507 /* MapUIView.swift */; };
		B4A1D9612641DC00008D3507 /* LocationManager.swift in Sources */ = {isa = PBXBuildFile; fileRef = B4A1D9602641DC00008D3507 /* LocationManager.swift */; };
		B4A1D9632641E6A2008D3507 /* LocalLandmark.swift in Sources */ = {isa = PBXBuildFile; fileRef = B4A1D9622641E6A2008D3507 /* LocalLandmark.swift */; };
		B4A1D9652641E706008D3507 /* LandmarkAnnotation.swift in Sources */ = {isa = PBXBuildFile; fileRef = B4A1D9642641E706008D3507 /* LandmarkAnnotation.swift */; };
		B4A1D9672641EFD8008D3507 /* AccommodationDataSource.swift in Sources */ = {isa = PBXBuildFile; fileRef = B4A1D9662641EFD8008D3507 /* AccommodationDataSource.swift */; };
		B4A45FF326401027005AB90E /* CategoryRow.swift in Sources */ = {isa = PBXBuildFile; fileRef = B4A45FF226401027005AB90E /* CategoryRow.swift */; };
		B4A45FF52640160E005AB90E /* CategoryItem.swift in Sources */ = {isa = PBXBuildFile; fileRef = B4A45FF42640160E005AB90E /* CategoryItem.swift */; };
/* End PBXBuildFile section */

/* Begin PBXContainerItemProxy section */
		B45BDBF2263EE36D00FD7F51 /* PBXContainerItemProxy */ = {
			isa = PBXContainerItemProxy;
			containerPortal = B45BDBD3263EE36800FD7F51 /* Project object */;
			proxyType = 1;
			remoteGlobalIDString = B45BDBDA263EE36800FD7F51;
			remoteInfo = CityGuide;
		};
		B45BDBFD263EE36D00FD7F51 /* PBXContainerItemProxy */ = {
			isa = PBXContainerItemProxy;
			containerPortal = B45BDBD3263EE36800FD7F51 /* Project object */;
			proxyType = 1;
			remoteGlobalIDString = B45BDBDA263EE36800FD7F51;
			remoteInfo = CityGuide;
		};
/* End PBXContainerItemProxy section */

/* Begin PBXFileReference section */
		B456605D26403D8900BF8232 /* ImageOverlay.swift */ = {isa = PBXFileReference; lastKnownFileType = sourcecode.swift; path = ImageOverlay.swift; sourceTree = "<group>"; };
		B456605F264041E400BF8232 /* RatingOverlay.swift */ = {isa = PBXFileReference; lastKnownFileType = sourcecode.swift; path = RatingOverlay.swift; sourceTree = "<group>"; };
		B4566061264131EF00BF8232 /* LandmarkCard.swift */ = {isa = PBXFileReference; lastKnownFileType = sourcecode.swift; path = LandmarkCard.swift; sourceTree = "<group>"; };
		B45660632641734200BF8232 /* RatingSelectView.swift */ = {isa = PBXFileReference; lastKnownFileType = sourcecode.swift; path = RatingSelectView.swift; sourceTree = "<group>"; };
		B45660662641839400BF8232 /* Double.swift */ = {isa = PBXFileReference; lastKnownFileType = sourcecode.swift; path = Double.swift; sourceTree = "<group>"; };
		B456606826419F5800BF8232 /* RatingView.swift */ = {isa = PBXFileReference; lastKnownFileType = sourcecode.swift; path = RatingView.swift; sourceTree = "<group>"; };
		B45BDBDB263EE36800FD7F51 /* CityGuide.app */ = {isa = PBXFileReference; explicitFileType = wrapper.application; includeInIndex = 0; path = CityGuide.app; sourceTree = BUILT_PRODUCTS_DIR; };
		B45BDBDE263EE36800FD7F51 /* AppDelegate.swift */ = {isa = PBXFileReference; lastKnownFileType = sourcecode.swift; path = AppDelegate.swift; sourceTree = "<group>"; };
		B45BDBE0263EE36800FD7F51 /* SceneDelegate.swift */ = {isa = PBXFileReference; lastKnownFileType = sourcecode.swift; path = SceneDelegate.swift; sourceTree = "<group>"; };
		B45BDBE2263EE36800FD7F51 /* ContentView.swift */ = {isa = PBXFileReference; lastKnownFileType = sourcecode.swift; path = ContentView.swift; sourceTree = "<group>"; };
		B45BDBE4263EE36D00FD7F51 /* Assets.xcassets */ = {isa = PBXFileReference; lastKnownFileType = folder.assetcatalog; path = Assets.xcassets; sourceTree = "<group>"; };
		B45BDBE7263EE36D00FD7F51 /* Preview Assets.xcassets */ = {isa = PBXFileReference; lastKnownFileType = folder.assetcatalog; path = "Preview Assets.xcassets"; sourceTree = "<group>"; };
		B45BDBEA263EE36D00FD7F51 /* Base */ = {isa = PBXFileReference; lastKnownFileType = file.storyboard; name = Base; path = Base.lproj/LaunchScreen.storyboard; sourceTree = "<group>"; };
		B45BDBEC263EE36D00FD7F51 /* Info.plist */ = {isa = PBXFileReference; lastKnownFileType = text.plist.xml; path = Info.plist; sourceTree = "<group>"; };
		B45BDBF1263EE36D00FD7F51 /* CityGuideTests.xctest */ = {isa = PBXFileReference; explicitFileType = wrapper.cfbundle; includeInIndex = 0; path = CityGuideTests.xctest; sourceTree = BUILT_PRODUCTS_DIR; };
		B45BDBF5263EE36D00FD7F51 /* CityGuideTests.swift */ = {isa = PBXFileReference; lastKnownFileType = sourcecode.swift; path = CityGuideTests.swift; sourceTree = "<group>"; };
		B45BDBF7263EE36D00FD7F51 /* Info.plist */ = {isa = PBXFileReference; lastKnownFileType = text.plist.xml; path = Info.plist; sourceTree = "<group>"; };
		B45BDBFC263EE36D00FD7F51 /* CityGuideUITests.xctest */ = {isa = PBXFileReference; explicitFileType = wrapper.cfbundle; includeInIndex = 0; path = CityGuideUITests.xctest; sourceTree = BUILT_PRODUCTS_DIR; };
		B45BDC00263EE36D00FD7F51 /* CityGuideUITests.swift */ = {isa = PBXFileReference; lastKnownFileType = sourcecode.swift; path = CityGuideUITests.swift; sourceTree = "<group>"; };
		B45BDC02263EE36D00FD7F51 /* Info.plist */ = {isa = PBXFileReference; lastKnownFileType = text.plist.xml; path = Info.plist; sourceTree = "<group>"; };
		B45BDC4F263F2BF900FD7F51 /* SearchBar.swift */ = {isa = PBXFileReference; lastKnownFileType = sourcecode.swift; path = SearchBar.swift; sourceTree = "<group>"; };
		B45BDC52263F422E00FD7F51 /* CategoryHome.swift */ = {isa = PBXFileReference; lastKnownFileType = sourcecode.swift; path = CategoryHome.swift; sourceTree = "<group>"; };
		B45BDC55263F42DC00FD7F51 /* LandmarkObject.swift */ = {isa = PBXFileReference; lastKnownFileType = sourcecode.swift; path = LandmarkObject.swift; sourceTree = "<group>"; };
		B45BDC59263F46AD00FD7F51 /* ModelData.swift */ = {isa = PBXFileReference; lastKnownFileType = sourcecode.swift; path = ModelData.swift; sourceTree = "<group>"; };
		B45BDC5B263F470900FD7F51 /* landmarkObjects.json */ = {isa = PBXFileReference; fileEncoding = 4; lastKnownFileType = text.json; path = landmarkObjects.json; sourceTree = "<group>"; };
		B45BDC5D263F474F00FD7F51 /* LandmarkRow.swift */ = {isa = PBXFileReference; lastKnownFileType = sourcecode.swift; path = LandmarkRow.swift; sourceTree = "<group>"; };
		B45BDC5F263F496000FD7F51 /* LandmarkList.swift */ = {isa = PBXFileReference; lastKnownFileType = sourcecode.swift; path = LandmarkList.swift; sourceTree = "<group>"; };
		B45BDC61263FD4F500FD7F51 /* LandmarkDetail.swift */ = {isa = PBXFileReference; lastKnownFileType = sourcecode.swift; path = LandmarkDetail.swift; sourceTree = "<group>"; };
		B45BDC63263FD5E400FD7F51 /* CircleImage.swift */ = {isa = PBXFileReference; lastKnownFileType = sourcecode.swift; path = CircleImage.swift; sourceTree = "<group>"; };
		B45BDC65263FD65900FD7F51 /* MapView.swift */ = {isa = PBXFileReference; lastKnownFileType = sourcecode.swift; path = MapView.swift; sourceTree = "<group>"; };
		B45BDC67263FE9BD00FD7F51 /* FavoriteButton.swift */ = {isa = PBXFileReference; lastKnownFileType = sourcecode.swift; path = FavoriteButton.swift; sourceTree = "<group>"; };
		B4A1D95B2641D932008D3507 /* MapSectionView.swift */ = {isa = PBXFileReference; lastKnownFileType = sourcecode.swift; path = MapSectionView.swift; sourceTree = "<group>"; };
		B4A1D95D2641DA3E008D3507 /* MapUIView.swift */ = {isa = PBXFileReference; lastKnownFileType = sourcecode.swift; path = MapUIView.swift; sourceTree = "<group>"; };
		B4A1D9602641DC00008D3507 /* LocationManager.swift */ = {isa = PBXFileReference; lastKnownFileType = sourcecode.swift; path = LocationManager.swift; sourceTree = "<group>"; };
		B4A1D9622641E6A2008D3507 /* LocalLandmark.swift */ = {isa = PBXFileReference; lastKnownFileType = sourcecode.swift; path = LocalLandmark.swift; sourceTree = "<group>"; };
		B4A1D9642641E706008D3507 /* LandmarkAnnotation.swift */ = {isa = PBXFileReference; lastKnownFileType = sourcecode.swift; path = LandmarkAnnotation.swift; sourceTree = "<group>"; };
		B4A1D9662641EFD8008D3507 /* AccommodationDataSource.swift */ = {isa = PBXFileReference; lastKnownFileType = sourcecode.swift; path = AccommodationDataSource.swift; sourceTree = "<group>"; };
		B4A45FF226401027005AB90E /* CategoryRow.swift */ = {isa = PBXFileReference; lastKnownFileType = sourcecode.swift; path = CategoryRow.swift; sourceTree = "<group>"; };
		B4A45FF42640160E005AB90E /* CategoryItem.swift */ = {isa = PBXFileReference; lastKnownFileType = sourcecode.swift; path = CategoryItem.swift; sourceTree = "<group>"; };
/* End PBXFileReference section */

/* Begin PBXFrameworksBuildPhase section */
		B45BDBD8263EE36800FD7F51 /* Frameworks */ = {
			isa = PBXFrameworksBuildPhase;
			buildActionMask = 2147483647;
			files = (
			);
			runOnlyForDeploymentPostprocessing = 0;
		};
		B45BDBEE263EE36D00FD7F51 /* Frameworks */ = {
			isa = PBXFrameworksBuildPhase;
			buildActionMask = 2147483647;
			files = (
			);
			runOnlyForDeploymentPostprocessing = 0;
		};
		B45BDBF9263EE36D00FD7F51 /* Frameworks */ = {
			isa = PBXFrameworksBuildPhase;
			buildActionMask = 2147483647;
			files = (
			);
			runOnlyForDeploymentPostprocessing = 0;
		};
/* End PBXFrameworksBuildPhase section */

/* Begin PBXGroup section */
		B456605C264036F200BF8232 /* Category */ = {
			isa = PBXGroup;
			children = (
				B45BDC52263F422E00FD7F51 /* CategoryHome.swift */,
				B4A45FF226401027005AB90E /* CategoryRow.swift */,
				B4A45FF42640160E005AB90E /* CategoryItem.swift */,
			);
			path = Category;
			sourceTree = "<group>";
		};
		B45660652641837F00BF8232 /* Extensions */ = {
			isa = PBXGroup;
			children = (
				B45660662641839400BF8232 /* Double.swift */,
			);
			path = Extensions;
			sourceTree = "<group>";
		};
		B45BDBD2263EE36800FD7F51 = {
			isa = PBXGroup;
			children = (
				B45BDBDD263EE36800FD7F51 /* CityGuide */,
				B45BDBF4263EE36D00FD7F51 /* CityGuideTests */,
				B45BDBFF263EE36D00FD7F51 /* CityGuideUITests */,
				B45BDBDC263EE36800FD7F51 /* Products */,
			);
			sourceTree = "<group>";
		};
		B45BDBDC263EE36800FD7F51 /* Products */ = {
			isa = PBXGroup;
			children = (
				B45BDBDB263EE36800FD7F51 /* CityGuide.app */,
				B45BDBF1263EE36D00FD7F51 /* CityGuideTests.xctest */,
				B45BDBFC263EE36D00FD7F51 /* CityGuideUITests.xctest */,
			);
			name = Products;
			sourceTree = "<group>";
		};
		B45BDBDD263EE36800FD7F51 /* CityGuide */ = {
			isa = PBXGroup;
			children = (
				B4A1D95F2641DBF0008D3507 /* Managers */,
				B45660652641837F00BF8232 /* Extensions */,
				B45BDC58263F44E800FD7F51 /* Resources */,
				B45BDC54263F42C700FD7F51 /* Model */,
				B45BDC51263F421F00FD7F51 /* Views */,
				B45BDBDE263EE36800FD7F51 /* AppDelegate.swift */,
				B45BDBE0263EE36800FD7F51 /* SceneDelegate.swift */,
				B45BDBE4263EE36D00FD7F51 /* Assets.xcassets */,
				B45BDBE9263EE36D00FD7F51 /* LaunchScreen.storyboard */,
				B45BDBEC263EE36D00FD7F51 /* Info.plist */,
				B45BDBE6263EE36D00FD7F51 /* Preview Content */,
			);
			path = CityGuide;
			sourceTree = "<group>";
		};
		B45BDBE6263EE36D00FD7F51 /* Preview Content */ = {
			isa = PBXGroup;
			children = (
				B45BDBE7263EE36D00FD7F51 /* Preview Assets.xcassets */,
			);
			path = "Preview Content";
			sourceTree = "<group>";
		};
		B45BDBF4263EE36D00FD7F51 /* CityGuideTests */ = {
			isa = PBXGroup;
			children = (
				B45BDBF5263EE36D00FD7F51 /* CityGuideTests.swift */,
				B45BDBF7263EE36D00FD7F51 /* Info.plist */,
			);
			path = CityGuideTests;
			sourceTree = "<group>";
		};
		B45BDBFF263EE36D00FD7F51 /* CityGuideUITests */ = {
			isa = PBXGroup;
			children = (
				B45BDC00263EE36D00FD7F51 /* CityGuideUITests.swift */,
				B45BDC02263EE36D00FD7F51 /* Info.plist */,
			);
			path = CityGuideUITests;
			sourceTree = "<group>";
		};
		B45BDC4A263F0C7600FD7F51 /* Nav */ = {
			isa = PBXGroup;
			children = (
				B45BDC4F263F2BF900FD7F51 /* SearchBar.swift */,
			);
			path = Nav;
			sourceTree = "<group>";
		};
		B45BDC51263F421F00FD7F51 /* Views */ = {
			isa = PBXGroup;
			children = (
				B4A1D95A2641D90D008D3507 /* MapView */,
				B45BDC4A263F0C7600FD7F51 /* Nav */,
				B456605C264036F200BF8232 /* Category */,
				B45BDC6A263FEA2B00FD7F51 /* Helpers */,
				B45BDC69263FEA1A00FD7F51 /* Landmarks */,
				B45BDBE2263EE36800FD7F51 /* ContentView.swift */,
			);
			path = Views;
			sourceTree = "<group>";
		};
		B45BDC54263F42C700FD7F51 /* Model */ = {
			isa = PBXGroup;
			children = (
				B45BDC55263F42DC00FD7F51 /* LandmarkObject.swift */,
				B45BDC59263F46AD00FD7F51 /* ModelData.swift */,
				B4A1D9622641E6A2008D3507 /* LocalLandmark.swift */,
				B4A1D9642641E706008D3507 /* LandmarkAnnotation.swift */,
			);
			path = Model;
			sourceTree = "<group>";
		};
		B45BDC58263F44E800FD7F51 /* Resources */ = {
			isa = PBXGroup;
			children = (
				B45BDC5B263F470900FD7F51 /* landmarkObjects.json */,
				B4A1D9662641EFD8008D3507 /* AccommodationDataSource.swift */,
			);
			path = Resources;
			sourceTree = "<group>";
		};
		B45BDC69263FEA1A00FD7F51 /* Landmarks */ = {
			isa = PBXGroup;
			children = (
				B45BDC5D263F474F00FD7F51 /* LandmarkRow.swift */,
				B45BDC5F263F496000FD7F51 /* LandmarkList.swift */,
				B45BDC61263FD4F500FD7F51 /* LandmarkDetail.swift */,
				B4566061264131EF00BF8232 /* LandmarkCard.swift */,
			);
			path = Landmarks;
			sourceTree = "<group>";
		};
		B45BDC6A263FEA2B00FD7F51 /* Helpers */ = {
			isa = PBXGroup;
			children = (
				B456605F264041E400BF8232 /* RatingOverlay.swift */,
				B456605D26403D8900BF8232 /* ImageOverlay.swift */,
				B45BDC63263FD5E400FD7F51 /* CircleImage.swift */,
				B45BDC65263FD65900FD7F51 /* MapView.swift */,
				B45BDC67263FE9BD00FD7F51 /* FavoriteButton.swift */,
				B45660632641734200BF8232 /* RatingSelectView.swift */,
				B456606826419F5800BF8232 /* RatingView.swift */,
			);
			path = Helpers;
			sourceTree = "<group>";
		};
		B4A1D95A2641D90D008D3507 /* MapView */ = {
			isa = PBXGroup;
			children = (
				B4A1D95B2641D932008D3507 /* MapSectionView.swift */,
				B4A1D95D2641DA3E008D3507 /* MapUIView.swift */,
			);
			path = MapView;
			sourceTree = "<group>";
		};
		B4A1D95F2641DBF0008D3507 /* Managers */ = {
			isa = PBXGroup;
			children = (
				B4A1D9602641DC00008D3507 /* LocationManager.swift */,
			);
			path = Managers;
			sourceTree = "<group>";
		};
/* End PBXGroup section */

/* Begin PBXNativeTarget section */
		B45BDBDA263EE36800FD7F51 /* CityGuide */ = {
			isa = PBXNativeTarget;
			buildConfigurationList = B45BDC05263EE36D00FD7F51 /* Build configuration list for PBXNativeTarget "CityGuide" */;
			buildPhases = (
				B45BDBD7263EE36800FD7F51 /* Sources */,
				B45BDBD8263EE36800FD7F51 /* Frameworks */,
				B45BDBD9263EE36800FD7F51 /* Resources */,
			);
			buildRules = (
			);
			dependencies = (
			);
			name = CityGuide;
			productName = CityGuide;
			productReference = B45BDBDB263EE36800FD7F51 /* CityGuide.app */;
			productType = "com.apple.product-type.application";
		};
		B45BDBF0263EE36D00FD7F51 /* CityGuideTests */ = {
			isa = PBXNativeTarget;
			buildConfigurationList = B45BDC08263EE36D00FD7F51 /* Build configuration list for PBXNativeTarget "CityGuideTests" */;
			buildPhases = (
				B45BDBED263EE36D00FD7F51 /* Sources */,
				B45BDBEE263EE36D00FD7F51 /* Frameworks */,
				B45BDBEF263EE36D00FD7F51 /* Resources */,
			);
			buildRules = (
			);
			dependencies = (
				B45BDBF3263EE36D00FD7F51 /* PBXTargetDependency */,
			);
			name = CityGuideTests;
			productName = CityGuideTests;
			productReference = B45BDBF1263EE36D00FD7F51 /* CityGuideTests.xctest */;
			productType = "com.apple.product-type.bundle.unit-test";
		};
		B45BDBFB263EE36D00FD7F51 /* CityGuideUITests */ = {
			isa = PBXNativeTarget;
			buildConfigurationList = B45BDC0B263EE36D00FD7F51 /* Build configuration list for PBXNativeTarget "CityGuideUITests" */;
			buildPhases = (
				B45BDBF8263EE36D00FD7F51 /* Sources */,
				B45BDBF9263EE36D00FD7F51 /* Frameworks */,
				B45BDBFA263EE36D00FD7F51 /* Resources */,
			);
			buildRules = (
			);
			dependencies = (
				B45BDBFE263EE36D00FD7F51 /* PBXTargetDependency */,
			);
			name = CityGuideUITests;
			productName = CityGuideUITests;
			productReference = B45BDBFC263EE36D00FD7F51 /* CityGuideUITests.xctest */;
			productType = "com.apple.product-type.bundle.ui-testing";
		};
/* End PBXNativeTarget section */

/* Begin PBXProject section */
		B45BDBD3263EE36800FD7F51 /* Project object */ = {
			isa = PBXProject;
			attributes = {
				LastSwiftUpdateCheck = 1170;
				LastUpgradeCheck = 1170;
				ORGANIZATIONNAME = Zilvinas;
				TargetAttributes = {
					B45BDBDA263EE36800FD7F51 = {
						CreatedOnToolsVersion = 11.7;
					};
					B45BDBF0263EE36D00FD7F51 = {
						CreatedOnToolsVersion = 11.7;
						TestTargetID = B45BDBDA263EE36800FD7F51;
					};
					B45BDBFB263EE36D00FD7F51 = {
						CreatedOnToolsVersion = 11.7;
						TestTargetID = B45BDBDA263EE36800FD7F51;
					};
				};
			};
			buildConfigurationList = B45BDBD6263EE36800FD7F51 /* Build configuration list for PBXProject "CityGuide" */;
			compatibilityVersion = "Xcode 9.3";
			developmentRegion = en;
			hasScannedForEncodings = 0;
			knownRegions = (
				en,
				Base,
			);
			mainGroup = B45BDBD2263EE36800FD7F51;
			productRefGroup = B45BDBDC263EE36800FD7F51 /* Products */;
			projectDirPath = "";
			projectRoot = "";
			targets = (
				B45BDBDA263EE36800FD7F51 /* CityGuide */,
				B45BDBF0263EE36D00FD7F51 /* CityGuideTests */,
				B45BDBFB263EE36D00FD7F51 /* CityGuideUITests */,
			);
		};
/* End PBXProject section */

/* Begin PBXResourcesBuildPhase section */
		B45BDBD9263EE36800FD7F51 /* Resources */ = {
			isa = PBXResourcesBuildPhase;
			buildActionMask = 2147483647;
			files = (
				B45BDC5C263F470900FD7F51 /* landmarkObjects.json in Resources */,
				B45BDBEB263EE36D00FD7F51 /* LaunchScreen.storyboard in Resources */,
				B45BDBE8263EE36D00FD7F51 /* Preview Assets.xcassets in Resources */,
				B45BDBE5263EE36D00FD7F51 /* Assets.xcassets in Resources */,
			);
			runOnlyForDeploymentPostprocessing = 0;
		};
		B45BDBEF263EE36D00FD7F51 /* Resources */ = {
			isa = PBXResourcesBuildPhase;
			buildActionMask = 2147483647;
			files = (
			);
			runOnlyForDeploymentPostprocessing = 0;
		};
		B45BDBFA263EE36D00FD7F51 /* Resources */ = {
			isa = PBXResourcesBuildPhase;
			buildActionMask = 2147483647;
			files = (
			);
			runOnlyForDeploymentPostprocessing = 0;
		};
/* End PBXResourcesBuildPhase section */

/* Begin PBXSourcesBuildPhase section */
		B45BDBD7263EE36800FD7F51 /* Sources */ = {
			isa = PBXSourcesBuildPhase;
			buildActionMask = 2147483647;
			files = (
				B45BDBDF263EE36800FD7F51 /* AppDelegate.swift in Sources */,
				B45BDC66263FD65900FD7F51 /* MapView.swift in Sources */,
				B456605E26403D8900BF8232 /* ImageOverlay.swift in Sources */,
				B4A1D95C2641D932008D3507 /* MapSectionView.swift in Sources */,
				B4A1D95E2641DA3E008D3507 /* MapUIView.swift in Sources */,
				B4A1D9672641EFD8008D3507 /* AccommodationDataSource.swift in Sources */,
				B45BDC50263F2BF900FD7F51 /* SearchBar.swift in Sources */,
				B45BDC56263F42DC00FD7F51 /* LandmarkObject.swift in Sources */,
				B4A45FF326401027005AB90E /* CategoryRow.swift in Sources */,
				B456606926419F5800BF8232 /* RatingView.swift in Sources */,
				B45BDC53263F422E00FD7F51 /* CategoryHome.swift in Sources */,
				B4A1D9652641E706008D3507 /* LandmarkAnnotation.swift in Sources */,
				B45BDC60263F496000FD7F51 /* LandmarkList.swift in Sources */,
				B45BDBE1263EE36800FD7F51 /* SceneDelegate.swift in Sources */,
				B45BDBE3263EE36800FD7F51 /* ContentView.swift in Sources */,
				B45BDC5E263F474F00FD7F51 /* LandmarkRow.swift in Sources */,
				B45BDC64263FD5E400FD7F51 /* CircleImage.swift in Sources */,
				B45BDC62263FD4F500FD7F51 /* LandmarkDetail.swift in Sources */,
				B4566060264041E400BF8232 /* RatingOverlay.swift in Sources */,
				B45BDC5A263F46AD00FD7F51 /* ModelData.swift in Sources */,
				B4A45FF52640160E005AB90E /* CategoryItem.swift in Sources */,
				B45BDC68263FE9BD00FD7F51 /* FavoriteButton.swift in Sources */,
				B4A1D9612641DC00008D3507 /* LocationManager.swift in Sources */,
				B45660642641734200BF8232 /* RatingSelectView.swift in Sources */,
				B45660672641839400BF8232 /* Double.swift in Sources */,
				B4566062264131EF00BF8232 /* LandmarkCard.swift in Sources */,
				B4A1D9632641E6A2008D3507 /* LocalLandmark.swift in Sources */,
			);
			runOnlyForDeploymentPostprocessing = 0;
		};
		B45BDBED263EE36D00FD7F51 /* Sources */ = {
			isa = PBXSourcesBuildPhase;
			buildActionMask = 2147483647;
			files = (
				B45BDBF6263EE36D00FD7F51 /* CityGuideTests.swift in Sources */,
			);
			runOnlyForDeploymentPostprocessing = 0;
		};
		B45BDBF8263EE36D00FD7F51 /* Sources */ = {
			isa = PBXSourcesBuildPhase;
			buildActionMask = 2147483647;
			files = (
				B45BDC01263EE36D00FD7F51 /* CityGuideUITests.swift in Sources */,
			);
			runOnlyForDeploymentPostprocessing = 0;
		};
/* End PBXSourcesBuildPhase section */

/* Begin PBXTargetDependency section */
		B45BDBF3263EE36D00FD7F51 /* PBXTargetDependency */ = {
			isa = PBXTargetDependency;
			target = B45BDBDA263EE36800FD7F51 /* CityGuide */;
			targetProxy = B45BDBF2263EE36D00FD7F51 /* PBXContainerItemProxy */;
		};
		B45BDBFE263EE36D00FD7F51 /* PBXTargetDependency */ = {
			isa = PBXTargetDependency;
			target = B45BDBDA263EE36800FD7F51 /* CityGuide */;
			targetProxy = B45BDBFD263EE36D00FD7F51 /* PBXContainerItemProxy */;
		};
/* End PBXTargetDependency section */

/* Begin PBXVariantGroup section */
		B45BDBE9263EE36D00FD7F51 /* LaunchScreen.storyboard */ = {
			isa = PBXVariantGroup;
			children = (
				B45BDBEA263EE36D00FD7F51 /* Base */,
			);
			name = LaunchScreen.storyboard;
			sourceTree = "<group>";
		};
/* End PBXVariantGroup section */

/* Begin XCBuildConfiguration section */
		B45BDC03263EE36D00FD7F51 /* Debug */ = {
			isa = XCBuildConfiguration;
			buildSettings = {
				ALWAYS_SEARCH_USER_PATHS = NO;
				CLANG_ANALYZER_NONNULL = YES;
				CLANG_ANALYZER_NUMBER_OBJECT_CONVERSION = YES_AGGRESSIVE;
				CLANG_CXX_LANGUAGE_STANDARD = "gnu++14";
				CLANG_CXX_LIBRARY = "libc++";
				CLANG_ENABLE_MODULES = YES;
				CLANG_ENABLE_OBJC_ARC = YES;
				CLANG_ENABLE_OBJC_WEAK = YES;
				CLANG_WARN_BLOCK_CAPTURE_AUTORELEASING = YES;
				CLANG_WARN_BOOL_CONVERSION = YES;
				CLANG_WARN_COMMA = YES;
				CLANG_WARN_CONSTANT_CONVERSION = YES;
				CLANG_WARN_DEPRECATED_OBJC_IMPLEMENTATIONS = YES;
				CLANG_WARN_DIRECT_OBJC_ISA_USAGE = YES_ERROR;
				CLANG_WARN_DOCUMENTATION_COMMENTS = YES;
				CLANG_WARN_EMPTY_BODY = YES;
				CLANG_WARN_ENUM_CONVERSION = YES;
				CLANG_WARN_INFINITE_RECURSION = YES;
				CLANG_WARN_INT_CONVERSION = YES;
				CLANG_WARN_NON_LITERAL_NULL_CONVERSION = YES;
				CLANG_WARN_OBJC_IMPLICIT_RETAIN_SELF = YES;
				CLANG_WARN_OBJC_LITERAL_CONVERSION = YES;
				CLANG_WARN_OBJC_ROOT_CLASS = YES_ERROR;
				CLANG_WARN_RANGE_LOOP_ANALYSIS = YES;
				CLANG_WARN_STRICT_PROTOTYPES = YES;
				CLANG_WARN_SUSPICIOUS_MOVE = YES;
				CLANG_WARN_UNGUARDED_AVAILABILITY = YES_AGGRESSIVE;
				CLANG_WARN_UNREACHABLE_CODE = YES;
				CLANG_WARN__DUPLICATE_METHOD_MATCH = YES;
				COPY_PHASE_STRIP = NO;
				DEBUG_INFORMATION_FORMAT = dwarf;
				ENABLE_STRICT_OBJC_MSGSEND = YES;
				ENABLE_TESTABILITY = YES;
				GCC_C_LANGUAGE_STANDARD = gnu11;
				GCC_DYNAMIC_NO_PIC = NO;
				GCC_NO_COMMON_BLOCKS = YES;
				GCC_OPTIMIZATION_LEVEL = 0;
				GCC_PREPROCESSOR_DEFINITIONS = (
					"DEBUG=1",
					"$(inherited)",
				);
				GCC_WARN_64_TO_32_BIT_CONVERSION = YES;
				GCC_WARN_ABOUT_RETURN_TYPE = YES_ERROR;
				GCC_WARN_UNDECLARED_SELECTOR = YES;
				GCC_WARN_UNINITIALIZED_AUTOS = YES_AGGRESSIVE;
				GCC_WARN_UNUSED_FUNCTION = YES;
				GCC_WARN_UNUSED_VARIABLE = YES;
				IPHONEOS_DEPLOYMENT_TARGET = 13.7;
				MTL_ENABLE_DEBUG_INFO = INCLUDE_SOURCE;
				MTL_FAST_MATH = YES;
				ONLY_ACTIVE_ARCH = YES;
				SDKROOT = iphoneos;
				SWIFT_ACTIVE_COMPILATION_CONDITIONS = DEBUG;
				SWIFT_OPTIMIZATION_LEVEL = "-Onone";
			};
			name = Debug;
		};
		B45BDC04263EE36D00FD7F51 /* Release */ = {
			isa = XCBuildConfiguration;
			buildSettings = {
				ALWAYS_SEARCH_USER_PATHS = NO;
				CLANG_ANALYZER_NONNULL = YES;
				CLANG_ANALYZER_NUMBER_OBJECT_CONVERSION = YES_AGGRESSIVE;
				CLANG_CXX_LANGUAGE_STANDARD = "gnu++14";
				CLANG_CXX_LIBRARY = "libc++";
				CLANG_ENABLE_MODULES = YES;
				CLANG_ENABLE_OBJC_ARC = YES;
				CLANG_ENABLE_OBJC_WEAK = YES;
				CLANG_WARN_BLOCK_CAPTURE_AUTORELEASING = YES;
				CLANG_WARN_BOOL_CONVERSION = YES;
				CLANG_WARN_COMMA = YES;
				CLANG_WARN_CONSTANT_CONVERSION = YES;
				CLANG_WARN_DEPRECATED_OBJC_IMPLEMENTATIONS = YES;
				CLANG_WARN_DIRECT_OBJC_ISA_USAGE = YES_ERROR;
				CLANG_WARN_DOCUMENTATION_COMMENTS = YES;
				CLANG_WARN_EMPTY_BODY = YES;
				CLANG_WARN_ENUM_CONVERSION = YES;
				CLANG_WARN_INFINITE_RECURSION = YES;
				CLANG_WARN_INT_CONVERSION = YES;
				CLANG_WARN_NON_LITERAL_NULL_CONVERSION = YES;
				CLANG_WARN_OBJC_IMPLICIT_RETAIN_SELF = YES;
				CLANG_WARN_OBJC_LITERAL_CONVERSION = YES;
				CLANG_WARN_OBJC_ROOT_CLASS = YES_ERROR;
				CLANG_WARN_RANGE_LOOP_ANALYSIS = YES;
				CLANG_WARN_STRICT_PROTOTYPES = YES;
				CLANG_WARN_SUSPICIOUS_MOVE = YES;
				CLANG_WARN_UNGUARDED_AVAILABILITY = YES_AGGRESSIVE;
				CLANG_WARN_UNREACHABLE_CODE = YES;
				CLANG_WARN__DUPLICATE_METHOD_MATCH = YES;
				COPY_PHASE_STRIP = NO;
				DEBUG_INFORMATION_FORMAT = "dwarf-with-dsym";
				ENABLE_NS_ASSERTIONS = NO;
				ENABLE_STRICT_OBJC_MSGSEND = YES;
				GCC_C_LANGUAGE_STANDARD = gnu11;
				GCC_NO_COMMON_BLOCKS = YES;
				GCC_WARN_64_TO_32_BIT_CONVERSION = YES;
				GCC_WARN_ABOUT_RETURN_TYPE = YES_ERROR;
				GCC_WARN_UNDECLARED_SELECTOR = YES;
				GCC_WARN_UNINITIALIZED_AUTOS = YES_AGGRESSIVE;
				GCC_WARN_UNUSED_FUNCTION = YES;
				GCC_WARN_UNUSED_VARIABLE = YES;
				IPHONEOS_DEPLOYMENT_TARGET = 13.7;
				MTL_ENABLE_DEBUG_INFO = NO;
				MTL_FAST_MATH = YES;
				SDKROOT = iphoneos;
				SWIFT_COMPILATION_MODE = wholemodule;
				SWIFT_OPTIMIZATION_LEVEL = "-O";
				VALIDATE_PRODUCT = YES;
			};
			name = Release;
		};
		B45BDC06263EE36D00FD7F51 /* Debug */ = {
			isa = XCBuildConfiguration;
			buildSettings = {
				ASSETCATALOG_COMPILER_APPICON_NAME = AppIcon;
				CODE_SIGN_STYLE = Automatic;
				DEVELOPMENT_ASSET_PATHS = "\"CityGuide/Preview Content\"";
				DEVELOPMENT_TEAM = D9XBWKPZ46;
				ENABLE_PREVIEWS = YES;
				INFOPLIST_FILE = CityGuide/Info.plist;
				LD_RUNPATH_SEARCH_PATHS = (
					"$(inherited)",
					"@executable_path/Frameworks",
				);
				PRODUCT_BUNDLE_IDENTIFIER = com.BazookaLauncher.CityGuide;
				PRODUCT_NAME = "$(TARGET_NAME)";
				SWIFT_VERSION = 5.0;
				TARGETED_DEVICE_FAMILY = "1,2";
			};
			name = Debug;
		};
		B45BDC07263EE36D00FD7F51 /* Release */ = {
			isa = XCBuildConfiguration;
			buildSettings = {
				ASSETCATALOG_COMPILER_APPICON_NAME = AppIcon;
				CODE_SIGN_STYLE = Automatic;
				DEVELOPMENT_ASSET_PATHS = "\"CityGuide/Preview Content\"";
				DEVELOPMENT_TEAM = D9XBWKPZ46;
				ENABLE_PREVIEWS = YES;
				INFOPLIST_FILE = CityGuide/Info.plist;
				LD_RUNPATH_SEARCH_PATHS = (
					"$(inherited)",
					"@executable_path/Frameworks",
				);
				PRODUCT_BUNDLE_IDENTIFIER = com.BazookaLauncher.CityGuide;
				PRODUCT_NAME = "$(TARGET_NAME)";
				SWIFT_VERSION = 5.0;
				TARGETED_DEVICE_FAMILY = "1,2";
			};
			name = Release;
		};
		B45BDC09263EE36D00FD7F51 /* Debug */ = {
			isa = XCBuildConfiguration;
			buildSettings = {
				ALWAYS_EMBED_SWIFT_STANDARD_LIBRARIES = YES;
				BUNDLE_LOADER = "$(TEST_HOST)";
				CODE_SIGN_STYLE = Automatic;
				DEVELOPMENT_TEAM = D9XBWKPZ46;
				INFOPLIST_FILE = CityGuideTests/Info.plist;
				IPHONEOS_DEPLOYMENT_TARGET = 13.7;
				LD_RUNPATH_SEARCH_PATHS = (
					"$(inherited)",
					"@executable_path/Frameworks",
					"@loader_path/Frameworks",
				);
				PRODUCT_BUNDLE_IDENTIFIER = com.BazookaLauncher.CityGuideTests;
				PRODUCT_NAME = "$(TARGET_NAME)";
				SWIFT_VERSION = 5.0;
				TARGETED_DEVICE_FAMILY = "1,2";
				TEST_HOST = "$(BUILT_PRODUCTS_DIR)/CityGuide.app/CityGuide";
			};
			name = Debug;
		};
		B45BDC0A263EE36D00FD7F51 /* Release */ = {
			isa = XCBuildConfiguration;
			buildSettings = {
				ALWAYS_EMBED_SWIFT_STANDARD_LIBRARIES = YES;
				BUNDLE_LOADER = "$(TEST_HOST)";
				CODE_SIGN_STYLE = Automatic;
				DEVELOPMENT_TEAM = D9XBWKPZ46;
				INFOPLIST_FILE = CityGuideTests/Info.plist;
				IPHONEOS_DEPLOYMENT_TARGET = 13.7;
				LD_RUNPATH_SEARCH_PATHS = (
					"$(inherited)",
					"@executable_path/Frameworks",
					"@loader_path/Frameworks",
				);
				PRODUCT_BUNDLE_IDENTIFIER = com.BazookaLauncher.CityGuideTests;
				PRODUCT_NAME = "$(TARGET_NAME)";
				SWIFT_VERSION = 5.0;
				TARGETED_DEVICE_FAMILY = "1,2";
				TEST_HOST = "$(BUILT_PRODUCTS_DIR)/CityGuide.app/CityGuide";
			};
			name = Release;
		};
		B45BDC0C263EE36D00FD7F51 /* Debug */ = {
			isa = XCBuildConfiguration;
			buildSettings = {
				ALWAYS_EMBED_SWIFT_STANDARD_LIBRARIES = YES;
				CODE_SIGN_STYLE = Automatic;
				DEVELOPMENT_TEAM = D9XBWKPZ46;
				INFOPLIST_FILE = CityGuideUITests/Info.plist;
				LD_RUNPATH_SEARCH_PATHS = (
					"$(inherited)",
					"@executable_path/Frameworks",
					"@loader_path/Frameworks",
				);
				PRODUCT_BUNDLE_IDENTIFIER = com.BazookaLauncher.CityGuideUITests;
				PRODUCT_NAME = "$(TARGET_NAME)";
				SWIFT_VERSION = 5.0;
				TARGETED_DEVICE_FAMILY = "1,2";
				TEST_TARGET_NAME = CityGuide;
			};
			name = Debug;
		};
		B45BDC0D263EE36D00FD7F51 /* Release */ = {
			isa = XCBuildConfiguration;
			buildSettings = {
				ALWAYS_EMBED_SWIFT_STANDARD_LIBRARIES = YES;
				CODE_SIGN_STYLE = Automatic;
				DEVELOPMENT_TEAM = D9XBWKPZ46;
				INFOPLIST_FILE = CityGuideUITests/Info.plist;
				LD_RUNPATH_SEARCH_PATHS = (
					"$(inherited)",
					"@executable_path/Frameworks",
					"@loader_path/Frameworks",
				);
				PRODUCT_BUNDLE_IDENTIFIER = com.BazookaLauncher.CityGuideUITests;
				PRODUCT_NAME = "$(TARGET_NAME)";
				SWIFT_VERSION = 5.0;
				TARGETED_DEVICE_FAMILY = "1,2";
				TEST_TARGET_NAME = CityGuide;
			};
			name = Release;
		};
/* End XCBuildConfiguration section */

/* Begin XCConfigurationList section */
		B45BDBD6263EE36800FD7F51 /* Build configuration list for PBXProject "CityGuide" */ = {
			isa = XCConfigurationList;
			buildConfigurations = (
				B45BDC03263EE36D00FD7F51 /* Debug */,
				B45BDC04263EE36D00FD7F51 /* Release */,
			);
			defaultConfigurationIsVisible = 0;
			defaultConfigurationName = Release;
		};
		B45BDC05263EE36D00FD7F51 /* Build configuration list for PBXNativeTarget "CityGuide" */ = {
			isa = XCConfigurationList;
			buildConfigurations = (
				B45BDC06263EE36D00FD7F51 /* Debug */,
				B45BDC07263EE36D00FD7F51 /* Release */,
			);
			defaultConfigurationIsVisible = 0;
			defaultConfigurationName = Release;
		};
		B45BDC08263EE36D00FD7F51 /* Build configuration list for PBXNativeTarget "CityGuideTests" */ = {
			isa = XCConfigurationList;
			buildConfigurations = (
				B45BDC09263EE36D00FD7F51 /* Debug */,
				B45BDC0A263EE36D00FD7F51 /* Release */,
			);
			defaultConfigurationIsVisible = 0;
			defaultConfigurationName = Release;
		};
		B45BDC0B263EE36D00FD7F51 /* Build configuration list for PBXNativeTarget "CityGuideUITests" */ = {
			isa = XCConfigurationList;
			buildConfigurations = (
				B45BDC0C263EE36D00FD7F51 /* Debug */,
				B45BDC0D263EE36D00FD7F51 /* Release */,
			);
			defaultConfigurationIsVisible = 0;
			defaultConfigurationName = Release;
		};
/* End XCConfigurationList section */
	};
	rootObject = B45BDBD3263EE36800FD7F51 /* Project object */;
}
